// !$*UTF8*$!
{
	archiveVersion = 1;
	classes = {
	};
	objectVersion = 46;
	objects = {

/* Begin PBXBuildFile section */
		183F8A7F1F428AAA0074AD56 /* main.m in Sources */ = {isa = PBXBuildFile; fileRef = 183F8A7E1F428AAA0074AD56 /* main.m */; };
		183F8A821F428AAB0074AD56 /* AppDelegate.m in Sources */ = {isa = PBXBuildFile; fileRef = 183F8A811F428AAB0074AD56 /* AppDelegate.m */; };
		183F8A851F428AAB0074AD56 /* ViewController.m in Sources */ = {isa = PBXBuildFile; fileRef = 183F8A841F428AAB0074AD56 /* ViewController.m */; };
		183F8A881F428AAB0074AD56 /* Main.storyboard in Resources */ = {isa = PBXBuildFile; fileRef = 183F8A861F428AAB0074AD56 /* Main.storyboard */; };
		183F8A8A1F428AAB0074AD56 /* Assets.xcassets in Resources */ = {isa = PBXBuildFile; fileRef = 183F8A891F428AAB0074AD56 /* Assets.xcassets */; };
		183F8A8D1F428AAB0074AD56 /* LaunchScreen.storyboard in Resources */ = {isa = PBXBuildFile; fileRef = 183F8A8B1F428AAB0074AD56 /* LaunchScreen.storyboard */; };
		183F8A961F428AEB0074AD56 /* WDPersonModel.m in Sources */ = {isa = PBXBuildFile; fileRef = 183F8A951F428AEB0074AD56 /* WDPersonModel.m */; };
		183F8A991F42E3630074AD56 /* WDTool.m in Sources */ = {isa = PBXBuildFile; fileRef = 183F8A981F42E3630074AD56 /* WDTool.m */; };
		183F8A9C1F42EDE20074AD56 /* WDBaseModle.m in Sources */ = {isa = PBXBuildFile; fileRef = 183F8A9B1F42EDE20074AD56 /* WDBaseModle.m */; };
		183F8A9F1F43EBE60074AD56 /* UIButton+runtimeCount.m in Sources */ = {isa = PBXBuildFile; fileRef = 183F8A9E1F43EBE60074AD56 /* UIButton+runtimeCount.m */; };
/* End PBXBuildFile section */

/* Begin PBXFileReference section */
		183F8A7A1F428AAA0074AD56 /* RuntimeDemo.app */ = {isa = PBXFileReference; explicitFileType = wrapper.application; includeInIndex = 0; path = RuntimeDemo.app; sourceTree = BUILT_PRODUCTS_DIR; };
		183F8A7E1F428AAA0074AD56 /* main.m */ = {isa = PBXFileReference; lastKnownFileType = sourcecode.c.objc; path = main.m; sourceTree = "<group>"; };
		183F8A801F428AAB0074AD56 /* AppDelegate.h */ = {isa = PBXFileReference; lastKnownFileType = sourcecode.c.h; path = AppDelegate.h; sourceTree = "<group>"; };
		183F8A811F428AAB0074AD56 /* AppDelegate.m */ = {isa = PBXFileReference; lastKnownFileType = sourcecode.c.objc; path = AppDelegate.m; sourceTree = "<group>"; };
		183F8A831F428AAB0074AD56 /* ViewController.h */ = {isa = PBXFileReference; lastKnownFileType = sourcecode.c.h; path = ViewController.h; sourceTree = "<group>"; };
		183F8A841F428AAB0074AD56 /* ViewController.m */ = {isa = PBXFileReference; lastKnownFileType = sourcecode.c.objc; path = ViewController.m; sourceTree = "<group>"; };
		183F8A871F428AAB0074AD56 /* Base */ = {isa = PBXFileReference; lastKnownFileType = file.storyboard; name = Base; path = Base.lproj/Main.storyboard; sourceTree = "<group>"; };
		183F8A891F428AAB0074AD56 /* Assets.xcassets */ = {isa = PBXFileReference; lastKnownFileType = folder.assetcatalog; path = Assets.xcassets; sourceTree = "<group>"; };
		183F8A8C1F428AAB0074AD56 /* Base */ = {isa = PBXFileReference; lastKnownFileType = file.storyboard; name = Base; path = Base.lproj/LaunchScreen.storyboard; sourceTree = "<group>"; };
		183F8A8E1F428AAB0074AD56 /* Info.plist */ = {isa = PBXFileReference; lastKnownFileType = text.plist.xml; path = Info.plist; sourceTree = "<group>"; };
		183F8A941F428AEB0074AD56 /* WDPersonModel.h */ = {isa = PBXFileReference; fileEncoding = 4; lastKnownFileType = sourcecode.c.h; path = WDPersonModel.h; sourceTree = "<group>"; };
		183F8A951F428AEB0074AD56 /* WDPersonModel.m */ = {isa = PBXFileReference; fileEncoding = 4; lastKnownFileType = sourcecode.c.objc; path = WDPersonModel.m; sourceTree = "<group>"; };
		183F8A971F42E3630074AD56 /* WDTool.h */ = {isa = PBXFileReference; fileEncoding = 4; lastKnownFileType = sourcecode.c.h; path = WDTool.h; sourceTree = "<group>"; };
		183F8A981F42E3630074AD56 /* WDTool.m */ = {isa = PBXFileReference; fileEncoding = 4; lastKnownFileType = sourcecode.c.objc; path = WDTool.m; sourceTree = "<group>"; };
		183F8A9A1F42EDE20074AD56 /* WDBaseModle.h */ = {isa = PBXFileReference; fileEncoding = 4; lastKnownFileType = sourcecode.c.h; path = WDBaseModle.h; sourceTree = "<group>"; };
		183F8A9B1F42EDE20074AD56 /* WDBaseModle.m */ = {isa = PBXFileReference; fileEncoding = 4; lastKnownFileType = sourcecode.c.objc; path = WDBaseModle.m; sourceTree = "<group>"; };
		183F8A9D1F43EBE60074AD56 /* UIButton+runtimeCount.h */ = {isa = PBXFileReference; fileEncoding = 4; lastKnownFileType = sourcecode.c.h; path = "UIButton+runtimeCount.h"; sourceTree = "<group>"; };
		183F8A9E1F43EBE60074AD56 /* UIButton+runtimeCount.m */ = {isa = PBXFileReference; fileEncoding = 4; lastKnownFileType = sourcecode.c.objc; path = "UIButton+runtimeCount.m"; sourceTree = "<group>"; };
/* End PBXFileReference section */

/* Begin PBXFrameworksBuildPhase section */
		183F8A771F428AAA0074AD56 /* Frameworks */ = {
			isa = PBXFrameworksBuildPhase;
			buildActionMask = 2147483647;
			files = (
			);
			runOnlyForDeploymentPostprocessing = 0;
		};
/* End PBXFrameworksBuildPhase section */

/* Begin PBXGroup section */
		183F8A711F428AA90074AD56 = {
			isa = PBXGroup;
			children = (
				183F8A7C1F428AAA0074AD56 /* RuntimeDemo */,
				183F8A7B1F428AAA0074AD56 /* Products */,
			);
			sourceTree = "<group>";
		};
		183F8A7B1F428AAA0074AD56 /* Products */ = {
			isa = PBXGroup;
			children = (
				183F8A7A1F428AAA0074AD56 /* RuntimeDemo.app */,
			);
			name = Products;
			sourceTree = "<group>";
		};
		183F8A7C1F428AAA0074AD56 /* RuntimeDemo */ = {
			isa = PBXGroup;
			children = (
				183F8A801F428AAB0074AD56 /* AppDelegate.h */,
				183F8A811F428AAB0074AD56 /* AppDelegate.m */,
				183F8A941F428AEB0074AD56 /* WDPersonModel.h */,
				183F8A951F428AEB0074AD56 /* WDPersonModel.m */,
				183F8A9A1F42EDE20074AD56 /* WDBaseModle.h */,
				183F8A9B1F42EDE20074AD56 /* WDBaseModle.m */,
				183F8A971F42E3630074AD56 /* WDTool.h */,
				183F8A981F42E3630074AD56 /* WDTool.m */,
				183F8A9D1F43EBE60074AD56 /* UIButton+runtimeCount.h */,
				183F8A9E1F43EBE60074AD56 /* UIButton+runtimeCount.m */,
				183F8A831F428AAB0074AD56 /* ViewController.h */,
				183F8A841F428AAB0074AD56 /* ViewController.m */,
				183F8A861F428AAB0074AD56 /* Main.storyboard */,
				183F8A891F428AAB0074AD56 /* Assets.xcassets */,
				183F8A8B1F428AAB0074AD56 /* LaunchScreen.storyboard */,
				183F8A8E1F428AAB0074AD56 /* Info.plist */,
				183F8A7D1F428AAA0074AD56 /* Supporting Files */,
			);
			path = RuntimeDemo;
			sourceTree = "<group>";
		};
		183F8A7D1F428AAA0074AD56 /* Supporting Files */ = {
			isa = PBXGroup;
			children = (
				183F8A7E1F428AAA0074AD56 /* main.m */,
			);
			name = "Supporting Files";
			sourceTree = "<group>";
		};
/* End PBXGroup section */

/* Begin PBXNativeTarget section */
		183F8A791F428AAA0074AD56 /* RuntimeDemo */ = {
			isa = PBXNativeTarget;
			buildConfigurationList = 183F8A911F428AAB0074AD56 /* Build configuration list for PBXNativeTarget "RuntimeDemo" */;
			buildPhases = (
				183F8A761F428AAA0074AD56 /* Sources */,
				183F8A771F428AAA0074AD56 /* Frameworks */,
				183F8A781F428AAA0074AD56 /* Resources */,
			);
			buildRules = (
			);
			dependencies = (
			);
			name = RuntimeDemo;
			productName = RuntimeDemo;
			productReference = 183F8A7A1F428AAA0074AD56 /* RuntimeDemo.app */;
			productType = "com.apple.product-type.application";
		};
/* End PBXNativeTarget section */

/* Begin PBXProject section */
		183F8A721F428AAA0074AD56 /* Project object */ = {
			isa = PBXProject;
			attributes = {
				LastUpgradeCheck = 0820;
				ORGANIZATIONNAME = WD;
				TargetAttributes = {
					183F8A791F428AAA0074AD56 = {
						CreatedOnToolsVersion = 8.2.1;
						ProvisioningStyle = Automatic;
					};
				};
			};
			buildConfigurationList = 183F8A751F428AAA0074AD56 /* Build configuration list for PBXProject "RuntimeDemo" */;
			compatibilityVersion = "Xcode 3.2";
			developmentRegion = English;
			hasScannedForEncodings = 0;
			knownRegions = (
				en,
				Base,
			);
			mainGroup = 183F8A711F428AA90074AD56;
			productRefGroup = 183F8A7B1F428AAA0074AD56 /* Products */;
			projectDirPath = "";
			projectRoot = "";
			targets = (
				183F8A791F428AAA0074AD56 /* RuntimeDemo */,
			);
		};
/* End PBXProject section */

/* Begin PBXResourcesBuildPhase section */
		183F8A781F428AAA0074AD56 /* Resources */ = {
			isa = PBXResourcesBuildPhase;
			buildActionMask = 2147483647;
			files = (
				183F8A8D1F428AAB0074AD56 /* LaunchScreen.storyboard in Resources */,
				183F8A8A1F428AAB0074AD56 /* Assets.xcassets in Resources */,
				183F8A881F428AAB0074AD56 /* Main.storyboard in Resources */,
			);
			runOnlyForDeploymentPostprocessing = 0;
		};
/* End PBXResourcesBuildPhase section */

/* Begin PBXSourcesBuildPhase section */
		183F8A761F428AAA0074AD56 /* Sources */ = {
			isa = PBXSourcesBuildPhase;
			buildActionMask = 2147483647;
			files = (
				183F8A851F428AAB0074AD56 /* ViewController.m in Sources */,
				183F8A9C1F42EDE20074AD56 /* WDBaseModle.m in Sources */,
				183F8A991F42E3630074AD56 /* WDTool.m in Sources */,
				183F8A961F428AEB0074AD56 /* WDPersonModel.m in Sources */,
				183F8A821F428AAB0074AD56 /* AppDelegate.m in Sources */,
				183F8A9F1F43EBE60074AD56 /* UIButton+runtimeCount.m in Sources */,
				183F8A7F1F428AAA0074AD56 /* main.m in Sources */,
			);
			runOnlyForDeploymentPostprocessing = 0;
		};
/* End PBXSourcesBuildPhase section */

/* Begin PBXVariantGroup section */
		183F8A861F428AAB0074AD56 /* Main.storyboard */ = {
			isa = PBXVariantGroup;
			children = (
				183F8A871F428AAB0074AD56 /* Base */,
			);
			name = Main.storyboard;
			sourceTree = "<group>";
		};
		183F8A8B1F428AAB0074AD56 /* LaunchScreen.storyboard */ = {
			isa = PBXVariantGroup;
			children = (
				183F8A8C1F428AAB0074AD56 /* Base */,
			);
			name = LaunchScreen.storyboard;
			sourceTree = "<group>";
		};
/* End PBXVariantGroup section */

/* Begin XCBuildConfiguration section */
		183F8A8F1F428AAB0074AD56 /* Debug */ = {
			isa = XCBuildConfiguration;
			buildSettings = {
				ALWAYS_SEARCH_USER_PATHS = NO;
				CLANG_ANALYZER_NONNULL = YES;
				CLANG_CXX_LANGUAGE_STANDARD = "gnu++0x";
				CLANG_CXX_LIBRARY = "libc++";
				CLANG_ENABLE_MODULES = YES;
				CLANG_ENABLE_OBJC_ARC = YES;
				CLANG_WARN_BOOL_CONVERSION = YES;
				CLANG_WARN_CONSTANT_CONVERSION = YES;
				CLANG_WARN_DIRECT_OBJC_ISA_USAGE = YES_ERROR;
				CLANG_WARN_DOCUMENTATION_COMMENTS = YES;
				CLANG_WARN_EMPTY_BODY = YES;
				CLANG_WARN_ENUM_CONVERSION = YES;
				CLANG_WARN_INFINITE_RECURSION = YES;
				CLANG_WARN_INT_CONVERSION = YES;
				CLANG_WARN_OBJC_ROOT_CLASS = YES_ERROR;
				CLANG_WARN_SUSPICIOUS_MOVE = YES;
				CLANG_WARN_UNREACHABLE_CODE = YES;
				CLANG_WARN__DUPLICATE_METHOD_MATCH = YES;
				"CODE_SIGN_IDENTITY[sdk=iphoneos*]" = "iPhone Developer";
				COPY_PHASE_STRIP = NO;
				DEBUG_INFORMATION_FORMAT = dwarf;
				ENABLE_STRICT_OBJC_MSGSEND = YES;
				ENABLE_TESTABILITY = YES;
				GCC_C_LANGUAGE_STANDARD = gnu99;
				GCC_DYNAMIC_NO_PIC = NO;
				GCC_NO_COMMON_BLOCKS = YES;
				GCC_OPTIMIZATION_LEVEL = 0;
				GCC_PREPROCESSOR_DEFINITIONS = (
					"DEBUG=1",
					"$(inherited)",
				);
				GCC_WARN_64_TO_32_BIT_CONVERSION = YES;
				GCC_WARN_ABOUT_RETURN_TYPE = YES_ERROR;
				GCC_WARN_UNDECLARED_SELECTOR = YES;
				GCC_WARN_UNINITIALIZED_AUTOS = YES_AGGRESSIVE;
				GCC_WARN_UNUSED_FUNCTION = YES;
				GCC_WARN_UNUSED_VARIABLE = YES;
				IPHONEOS_DEPLOYMENT_TARGET = 10.2;
				MTL_ENABLE_DEBUG_INFO = YES;
				ONLY_ACTIVE_ARCH = YES;
				SDKROOT = iphoneos;
			};
			name = Debug;
		};
		183F8A901F428AAB0074AD56 /* Release */ = {
			isa = XCBuildConfiguration;
			buildSettings = {
				ALWAYS_SEARCH_USER_PATHS = NO;
				CLANG_ANALYZER_NONNULL = YES;
				CLANG_CXX_LANGUAGE_STANDARD = "gnu++0x";
				CLANG_CXX_LIBRARY = "libc++";
				CLANG_ENABLE_MODULES = YES;
				CLANG_ENABLE_OBJC_ARC = YES;
				CLANG_WARN_BOOL_CONVERSION = YES;
				CLANG_WARN_CONSTANT_CONVERSION = YES;
				CLANG_WARN_DIRECT_OBJC_ISA_USAGE = YES_ERROR;
				CLANG_WARN_DOCUMENTATION_COMMENTS = YES;
				CLANG_WARN_EMPTY_BODY = YES;
				CLANG_WARN_ENUM_CONVERSION = YES;
				CLANG_WARN_INFINITE_RECURSION = YES;
				CLANG_WARN_INT_CONVERSION = YES;
				CLANG_WARN_OBJC_ROOT_CLASS = YES_ERROR;
				CLANG_WARN_SUSPICIOUS_MOVE = YES;
				CLANG_WARN_UNREACHABLE_CODE = YES;
				CLANG_WARN__DUPLICATE_METHOD_MATCH = YES;
				"CODE_SIGN_IDENTITY[sdk=iphoneos*]" = "iPhone Developer";
				COPY_PHASE_STRIP = NO;
				DEBUG_INFORMATION_FORMAT = "dwarf-with-dsym";
				ENABLE_NS_ASSERTIONS = NO;
				ENABLE_STRICT_OBJC_MSGSEND = YES;
				GCC_C_LANGUAGE_STANDARD = gnu99;
				GCC_NO_COMMON_BLOCKS = YES;
				GCC_WARN_64_TO_32_BIT_CONVERSION = YES;
				GCC_WARN_ABOUT_RETURN_TYPE = YES_ERROR;
				GCC_WARN_UNDECLARED_SELECTOR = YES;
				GCC_WARN_UNINITIALIZED_AUTOS = YES_AGGRESSIVE;
				GCC_WARN_UNUSED_FUNCTION = YES;
				GCC_WARN_UNUSED_VARIABLE = YES;
				IPHONEOS_DEPLOYMENT_TARGET = 10.2;
				MTL_ENABLE_DEBUG_INFO = NO;
				SDKROOT = iphoneos;
				VALIDATE_PRODUCT = YES;
			};
			name = Release;
		};
		183F8A921F428AAB0074AD56 /* Debug */ = {
			isa = XCBuildConfiguration;
			buildSettings = {
				ASSETCATALOG_COMPILER_APPICON_NAME = AppIcon;
				INFOPLIST_FILE = RuntimeDemo/Info.plist;
				IPHONEOS_DEPLOYMENT_TARGET = 8.0;
				LD_RUNPATH_SEARCH_PATHS = "$(inherited) @executable_path/Frameworks";
				PRODUCT_BUNDLE_IDENTIFIER = com.autoday.RuntimeDemo;
				PRODUCT_NAME = "$(TARGET_NAME)";
			};
			name = Debug;
		};
		183F8A931F428AAB0074AD56 /* Release */ = {
			isa = XCBuildConfiguration;
			buildSettings = {
				ASSETCATALOG_COMPILER_APPICON_NAME = AppIcon;
				INFOPLIST_FILE = RuntimeDemo/Info.plist;
				IPHONEOS_DEPLOYMENT_TARGET = 8.0;
				LD_RUNPATH_SEARCH_PATHS = "$(inherited) @executable_path/Frameworks";
				PRODUCT_BUNDLE_IDENTIFIER = com.autoday.RuntimeDemo;
				PRODUCT_NAME = "$(TARGET_NAME)";
			};
			name = Release;
		};
/* End XCBuildConfiguration section */

/* Begin XCConfigurationList section */
		183F8A751F428AAA0074AD56 /* Build configuration list for PBXProject "RuntimeDemo" */ = {
			isa = XCConfigurationList;
			buildConfigurations = (
				183F8A8F1F428AAB0074AD56 /* Debug */,
				183F8A901F428AAB0074AD56 /* Release */,
			);
			defaultConfigurationIsVisible = 0;
			defaultConfigurationName = Release;
		};
		183F8A911F428AAB0074AD56 /* Build configuration list for PBXNativeTarget "RuntimeDemo" */ = {
			isa = XCConfigurationList;
			buildConfigurations = (
				183F8A921F428AAB0074AD56 /* Debug */,
				183F8A931F428AAB0074AD56 /* Release */,
			);
			defaultConfigurationIsVisible = 0;
			defaultConfigurationName = Release;
		};
/* End XCConfigurationList section */
	};
	rootObject = 183F8A721F428AAA0074AD56 /* Project object */;
}
